
Microsoft Visual Studio Solution File, Format Version 12.00
# Visual Studio Version 17
VisualStudioVersion = 17.7.34024.191
MinimumVisualStudioVersion = 10.0.40219.1
Project("{FAE04EC0-301F-11D3-BF4B-00C04F79EFBC}") = "ZaicevAntonAleksandrovichKT-41-22", "ZaicevAntonAleksandrovichKT-41-22\ZaicevAntonAleksandrovichKT-41-22.csproj", "{D2369364-B589-4639-A945-50D6141E071B}"
EndProject
Global
	GlobalSection(SolutionConfigurationPlatforms) = preSolution
		Debug|Any CPU = Debug|Any CPU
		Release|Any CPU = Release|Any CPU
	EndGlobalSection
	GlobalSection(ProjectConfigurationPlatforms) = postSolution
		{D2369364-B589-4639-A945-50D6141E071B}.Debug|Any CPU.ActiveCfg = Debug|Any CPU
		{D2369364-B589-4639-A945-50D6141E071B}.Debug|Any CPU.Build.0 = Debug|Any CPU
		{D2369364-B589-4639-A945-50D6141E071B}.Release|Any CPU.ActiveCfg = Release|Any CPU
		{D2369364-B589-4639-A945-50D6141E071B}.Release|Any CPU.Build.0 = Release|Any CPU
	EndGlobalSection
	GlobalSection(SolutionProperties) = preSolution
		HideSolutionNode = FALSE
	EndGlobalSection
	GlobalSection(ExtensibilityGlobals) = postSolution
		SolutionGuid = {953A66E3-1CC0-483F-9ED3-AD1F396D4E19}
	EndGlobalSection
EndGlobal
